
Microsoft Visual Studio Solution File, Format Version 12.00
# Visual Studio Version 16
VisualStudioVersion = 25.0.1706.6
MinimumVisualStudioVersion = 10.0.40219.1
Project("{FAE04EC0-301F-11D3-BF4B-00C04F79EFBC}") = "MarketPlace.API", "MarketPlace\MarketPlace.API.csproj", "{FC4D092A-0224-41AA-959B-D1ECD367E8C7}"
EndProject
Project("{FAE04EC0-301F-11D3-BF4B-00C04F79EFBC}") = "MarketPlace.SAL", "MarketPlace.SAL\MarketPlace.SAL.csproj", "{AFEC044C-F597-433B-96ED-3B2BC1ACBACD}"
EndProject
Project("{FAE04EC0-301F-11D3-BF4B-00C04F79EFBC}") = "MarketPlace.DAL", "MarketPlace.DAL\MarketPlace.DAL.csproj", "{27A5DA35-2BEA-40EB-8C0E-6234241620C0}"
EndProject
Global
	GlobalSection(SolutionConfigurationPlatforms) = preSolution
		Debug|Any CPU = Debug|Any CPU
		Release|Any CPU = Release|Any CPU
	EndGlobalSection
	GlobalSection(ProjectConfigurationPlatforms) = postSolution
		{FC4D092A-0224-41AA-959B-D1ECD367E8C7}.Debug|Any CPU.ActiveCfg = Debug|Any CPU
		{FC4D092A-0224-41AA-959B-D1ECD367E8C7}.Debug|Any CPU.Build.0 = Debug|Any CPU
		{FC4D092A-0224-41AA-959B-D1ECD367E8C7}.Release|Any CPU.ActiveCfg = Release|Any CPU
		{FC4D092A-0224-41AA-959B-D1ECD367E8C7}.Release|Any CPU.Build.0 = Release|Any CPU
		{AFEC044C-F597-433B-96ED-3B2BC1ACBACD}.Debug|Any CPU.ActiveCfg = Debug|Any CPU
		{AFEC044C-F597-433B-96ED-3B2BC1ACBACD}.Debug|Any CPU.Build.0 = Debug|Any CPU
		{AFEC044C-F597-433B-96ED-3B2BC1ACBACD}.Release|Any CPU.ActiveCfg = Release|Any CPU
		{AFEC044C-F597-433B-96ED-3B2BC1ACBACD}.Release|Any CPU.Build.0 = Release|Any CPU
		{27A5DA35-2BEA-40EB-8C0E-6234241620C0}.Debug|Any CPU.ActiveCfg = Debug|Any CPU
		{27A5DA35-2BEA-40EB-8C0E-6234241620C0}.Debug|Any CPU.Build.0 = Debug|Any CPU
		{27A5DA35-2BEA-40EB-8C0E-6234241620C0}.Release|Any CPU.ActiveCfg = Release|Any CPU
		{27A5DA35-2BEA-40EB-8C0E-6234241620C0}.Release|Any CPU.Build.0 = Release|Any CPU
	EndGlobalSection
	GlobalSection(SolutionProperties) = preSolution
		HideSolutionNode = FALSE
	EndGlobalSection
	GlobalSection(ExtensibilityGlobals) = postSolution
		SolutionGuid = {1D0AE918-6F20-4ED1-9D61-1EF4F0864F1D}
	EndGlobalSection
EndGlobal
